
Microsoft Visual Studio Solution File, Format Version 12.00
# Visual Studio Version 17
VisualStudioVersion = 17.2.32616.157
MinimumVisualStudioVersion = 10.0.40219.1
Project("{FAE04EC0-301F-11D3-BF4B-00C04F79EFBC}") = "Login.Android", "Login\Login.Android\Login.Android.csproj", "{9C7BC58E-D633-450F-871D-3E44194270C6}"
EndProject
Project("{FAE04EC0-301F-11D3-BF4B-00C04F79EFBC}") = "Login", "Login\Login\Login.csproj", "{72E5E55D-F615-4803-8B54-DD9205BBEA2B}"
EndProject
Global
	GlobalSection(SolutionConfigurationPlatforms) = preSolution
		Debug|Any CPU = Debug|Any CPU
		Release|Any CPU = Release|Any CPU
	EndGlobalSection
	GlobalSection(ProjectConfigurationPlatforms) = postSolution
		{9C7BC58E-D633-450F-871D-3E44194270C6}.Debug|Any CPU.ActiveCfg = Debug|Any CPU
		{9C7BC58E-D633-450F-871D-3E44194270C6}.Debug|Any CPU.Build.0 = Debug|Any CPU
		{9C7BC58E-D633-450F-871D-3E44194270C6}.Debug|Any CPU.Deploy.0 = Debug|Any CPU
		{9C7BC58E-D633-450F-871D-3E44194270C6}.Release|Any CPU.ActiveCfg = Release|Any CPU
		{9C7BC58E-D633-450F-871D-3E44194270C6}.Release|Any CPU.Build.0 = Release|Any CPU
		{9C7BC58E-D633-450F-871D-3E44194270C6}.Release|Any CPU.Deploy.0 = Release|Any CPU
		{72E5E55D-F615-4803-8B54-DD9205BBEA2B}.Debug|Any CPU.ActiveCfg = Debug|Any CPU
		{72E5E55D-F615-4803-8B54-DD9205BBEA2B}.Debug|Any CPU.Build.0 = Debug|Any CPU
		{72E5E55D-F615-4803-8B54-DD9205BBEA2B}.Debug|Any CPU.Deploy.0 = Debug|Any CPU
		{72E5E55D-F615-4803-8B54-DD9205BBEA2B}.Release|Any CPU.ActiveCfg = Release|Any CPU
		{72E5E55D-F615-4803-8B54-DD9205BBEA2B}.Release|Any CPU.Build.0 = Release|Any CPU
		{72E5E55D-F615-4803-8B54-DD9205BBEA2B}.Release|Any CPU.Deploy.0 = Release|Any CPU
	EndGlobalSection
	GlobalSection(SolutionProperties) = preSolution
		HideSolutionNode = FALSE
	EndGlobalSection
	GlobalSection(ExtensibilityGlobals) = postSolution
		SolutionGuid = {0A928350-9DBB-490C-8C5C-43D65593CD86}
	EndGlobalSection
EndGlobal
